<?xml version="1.0" encoding="utf-8"?>
<Project ToolsVersion="4.0" xmlns="http://schemas.microsoft.com/developer/msbuild/2003">
  <ItemGroup>
    <Filter Include="Source Files">
      <UniqueIdentifier>{4FC737F1-C7A5-4376-A066-2A32D752A2FF}</UniqueIdentifier>
      <Extensions>cpp;c;cc;cxx;c++;cppm;ixx;def;odl;idl;hpj;bat;asm;asmx</Extensions>
    </Filter>
    <Filter Include="Header Files">
      <UniqueIdentifier>{93995380-89BD-4b04-88EB-625FBE52EBFB}</UniqueIdentifier>
      <Extensions>h;hh;hpp;hxx;h++;hm;inl;inc;ipp;xsd</Extensions>
    </Filter>
    <Filter Include="Resource Files">
      <UniqueIdentifier>{67DA6AB6-F800-4c08-8B7A-83BB121AAD01}</UniqueIdentifier>
      <Extensions>rc;ico;cur;bmp;dlg;rc2;rct;bin;rgs;gif;jpg;jpeg;jpe;resx;tiff;tif;png;wav;mfcribbon-ms</Extensions>
    </Filter>
  </ItemGroup>
  <ItemGroup>
    <Text Include="dictionary.txt" />
  </ItemGroup>
  <ItemGroup>
    <ClCompile Include="Day 11\01 c++ structure\Source01.cpp">
      <Filter>Source Files</Filter>
    </ClCompile>
    <ClCompile Include="Day 11\02 the this pointer\Source01.cpp">
      <Filter>Source Files</Filter>
    </ClCompile>
    <ClCompile Include="Day 11\02 the this pointer\Source02.cpp">
      <Filter>Source Files</Filter>
    </ClCompile>
    <ClCompile Include="Day 11\02 the this pointer\Source03.cpp">
      <Filter>Source Files</Filter>
    </ClCompile>
    <ClCompile Include="Day 11\02 the this pointer\Source04.cpp">
      <Filter>Source Files</Filter>
    </ClCompile>
    <ClCompile Include="Day 11\02 the this pointer\Source05.cpp">
      <Filter>Source Files</Filter>
    </ClCompile>
    <ClCompile Include="Day 11\02 the this pointer\Source06.cpp">
      <Filter>Source Files</Filter>
    </ClCompile>
    <ClCompile Include="Day 11\02 the this pointer\Source07.cpp">
      <Filter>Source Files</Filter>
    </ClCompile>
    <ClCompile Include="Day 11\02a sizeof of empty struct in c++\Source01.cpp">
      <Filter>Source Files</Filter>
    </ClCompile>
    <ClCompile Include="Day 11\02a sizeof of empty struct in c++\Source02.cpp">
      <Filter>Source Files</Filter>
    </ClCompile>
    <ClCompile Include="Day 11\03 accessor and mutator\Source01.cpp">
      <Filter>Source Files</Filter>
    </ClCompile>
    <ClCompile Include="Day 11\04 access specifiers\Source01.cpp">
      <Filter>Source Files</Filter>
    </ClCompile>
    <ClCompile Include="Day 11\05 the class\Source01.cpp">
      <Filter>Source Files</Filter>
    </ClCompile>
    <ClCompile Include="Day 11\05 the class\Source02.cpp">
      <Filter>Source Files</Filter>
    </ClCompile>
    <ClCompile Include="Day 11\06 resolving name conflict between parameter and data member\Source01.cpp">
      <Filter>Source Files</Filter>
    </ClCompile>
    <ClCompile Include="Day 11\06 resolving name conflict between parameter and data member\Source02.cpp">
      <Filter>Source Files</Filter>
    </ClCompile>
    <ClCompile Include="Day 11\06 resolving name conflict between parameter and data member\Source03.cpp">
      <Filter>Source Files</Filter>
    </ClCompile>
    <ClCompile Include="Day 11\06 resolving name conflict between parameter and data member\Source04.cpp">
      <Filter>Source Files</Filter>
    </ClCompile>
    <ClCompile Include="Day 11\07 constructor\Source01.cpp">
      <Filter>Source Files</Filter>
    </ClCompile>
    <ClCompile Include="Day 11\07 constructor\Source02.cpp">
      <Filter>Source Files</Filter>
    </ClCompile>
    <ClCompile Include="Day 11\07 constructor\Source03.cpp">
      <Filter>Source Files</Filter>
    </ClCompile>
    <ClCompile Include="Day 11\07 constructor\Source04.cpp">
      <Filter>Source Files</Filter>
    </ClCompile>
    <ClCompile Include="Day 11\07 constructor\Source05.cpp">
      <Filter>Source Files</Filter>
    </ClCompile>
    <ClCompile Include="Day 11\07 constructor\Source06.cpp">
      <Filter>Source Files</Filter>
    </ClCompile>
    <ClCompile Include="Day 11\07 constructor\Source07.cpp">
      <Filter>Source Files</Filter>
    </ClCompile>
    <ClCompile Include="Day 11\07 constructor\Source08.cpp">
      <Filter>Source Files</Filter>
    </ClCompile>
    <ClCompile Include="Day 11\08 operations\Source01.cpp">
      <Filter>Source Files</Filter>
    </ClCompile>
    <ClCompile Include="Day 11\09 two ways of defining member functions\01 member functions defined inside class\Source01.cpp">
      <Filter>Source Files</Filter>
    </ClCompile>
    <ClCompile Include="Day 11\09 two ways of defining member functions\02 member functions defined outside class\Circle.cpp">
      <Filter>Source Files</Filter>
    </ClCompile>
    <ClCompile Include="Day 11\09 two ways of defining member functions\02 member functions defined outside class\Source01.cpp">
      <Filter>Source Files</Filter>
    </ClCompile>
    <ClCompile Include="Day 11\10 constant member functions\01 calling non-const member function on const object\Circle.cpp">
      <Filter>Source Files</Filter>
    </ClCompile>
    <ClCompile Include="Day 11\10 constant member functions\01 calling non-const member function on const object\Source01.cpp">
      <Filter>Source Files</Filter>
    </ClCompile>
    <ClCompile Include="Day 11\10 constant member functions\02 declaring member function as const member function\Circle.cpp">
      <Filter>Source Files</Filter>
    </ClCompile>
    <ClCompile Include="Day 11\10 constant member functions\02 declaring member function as const member function\Source01.cpp">
      <Filter>Source Files</Filter>
    </ClCompile>
    <ClCompile Include="Day 11\10 constant member functions\03 characteristics of const member function\Source01.cpp">
      <Filter>Source Files</Filter>
    </ClCompile>
    <ClCompile Include="Day 11\10 constant member functions\03 characteristics of const member function\Source02.cpp">
      <Filter>Source Files</Filter>
    </ClCompile>
    <ClCompile Include="Day 11\10 constant member functions\03 characteristics of const member function\Source03.cpp">
      <Filter>Source Files</Filter>
    </ClCompile>
    <ClCompile Include="Day 11\10 constant member functions\03 characteristics of const member function\Source04.cpp">
      <Filter>Source Files</Filter>
    </ClCompile>
    <ClCompile Include="Day 11\10 constant member functions\03 characteristics of const member function\Source05.cpp">
      <Filter>Source Files</Filter>
    </ClCompile>
    <ClCompile Include="Day 11\11 mutable\Circle.cpp">
      <Filter>Source Files</Filter>
    </ClCompile>
    <ClCompile Include="Day 11\11 mutable\Source01.cpp">
      <Filter>Source Files</Filter>
    </ClCompile>
    <ClCompile Include="Day 11\12 static member functions\Source01.cpp">
      <Filter>Source Files</Filter>
    </ClCompile>
    <ClCompile Include="Day 11\12 static member functions\Source02.cpp">
      <Filter>Source Files</Filter>
    </ClCompile>
    <ClCompile Include="Day 11\12 static member functions\Source03.cpp">
      <Filter>Source Files</Filter>
    </ClCompile>
    <ClCompile Include="Day 11\12 static member functions\Source04.cpp">
      <Filter>Source Files</Filter>
    </ClCompile>
    <ClCompile Include="Day 11\12 static member functions\Source05.cpp">
      <Filter>Source Files</Filter>
    </ClCompile>
    <ClCompile Include="Day 11\13 static data member\Circle.cpp">
      <Filter>Source Files</Filter>
    </ClCompile>
    <ClCompile Include="Day 11\13 static data member\Source00.cpp">
      <Filter>Source Files</Filter>
    </ClCompile>
    <ClCompile Include="Day 11\13 static data member\Source01.cpp">
      <Filter>Source Files</Filter>
    </ClCompile>
    <ClCompile Include="Day 11\14 initialization list\Source01.cpp">
      <Filter>Source Files</Filter>
    </ClCompile>
    <ClCompile Include="Day 11\14 initialization list\Source02.cpp">
      <Filter>Source Files</Filter>
    </ClCompile>
    <ClCompile Include="Day 11\14 initialization list\Source03.cpp">
      <Filter>Source Files</Filter>
    </ClCompile>
    <ClCompile Include="Day 11\14 initialization list\Source04.cpp">
      <Filter>Source Files</Filter>
    </ClCompile>
    <ClCompile Include="Day 11\14 initialization list\Source05.cpp">
      <Filter>Source Files</Filter>
    </ClCompile>
    <ClCompile Include="Day 11\15 constant data members\Source01.cpp">
      <Filter>Source Files</Filter>
    </ClCompile>
    <ClCompile Include="Day 11\15 constant data members\Source02.cpp">
      <Filter>Source Files</Filter>
    </ClCompile>
    <ClCompile Include="Day 11\15 constant data members\Source02a.cpp">
      <Filter>Source Files</Filter>
    </ClCompile>
    <ClCompile Include="Day 11\15 constant data members\Source03.cpp">
      <Filter>Source Files</Filter>
    </ClCompile>
    <ClCompile Include="Day 11\16 reference data member\Line.cpp">
      <Filter>Source Files</Filter>
    </ClCompile>
    <ClCompile Include="Day 11\16 reference data member\Point.cpp">
      <Filter>Source Files</Filter>
    </ClCompile>
    <ClCompile Include="Day 11\16 reference data member\Source00.cpp">
      <Filter>Source Files</Filter>
    </ClCompile>
    <ClCompile Include="Day 11\16 reference data member\Source01.cpp">
      <Filter>Source Files</Filter>
    </ClCompile>
    <ClCompile Include="Day 11\17 singleton\Source01.cpp">
      <Filter>Source Files</Filter>
    </ClCompile>
    <ClCompile Include="Day 11\17 singleton\Source02.cpp">
      <Filter>Source Files</Filter>
    </ClCompile>
    <ClCompile Include="Day 11\Exercise\q1\Clock.cpp">
      <Filter>Source Files</Filter>
    </ClCompile>
    <ClCompile Include="Day 11\Exercise\q1\q1-clock.cpp">
      <Filter>Source Files</Filter>
    </ClCompile>
    <ClCompile Include="Day 11\Exercise\q2-dice\Dice.cpp">
      <Filter>Source Files</Filter>
    </ClCompile>
    <ClCompile Include="Day 11\Exercise\q2-dice\q2.cpp">
      <Filter>Source Files</Filter>
    </ClCompile>
    <ClCompile Include="Day 11\Exercise\q3-lamp\lamp.cpp">
      <Filter>Source Files</Filter>
    </ClCompile>
    <ClCompile Include="Day 11\Exercise\q3-lamp\q3-lamp.cpp">
      <Filter>Source Files</Filter>
    </ClCompile>
    <ClCompile Include="Day 11\Exercise\q4\q4.cpp">
      <Filter>Source Files</Filter>
    </ClCompile>
    <ClCompile Include="Day 11\Exercise\q4\rectangle.cpp">
      <Filter>Source Files</Filter>
    </ClCompile>
    <ClCompile Include="Day 11\Exercise\q5-caesar cipher\CaesarCipher.cpp">
      <Filter>Source Files</Filter>
    </ClCompile>
    <ClCompile Include="Day 11\Exercise\q5-caesar cipher\q5.cpp">
      <Filter>Source Files</Filter>
    </ClCompile>
    <ClCompile Include="Day 11\Exercise\q7-queue\CircularQueue.cpp">
      <Filter>Source Files</Filter>
    </ClCompile>
    <ClCompile Include="Day 11\Exercise\q7-queue\q7.cpp">
      <Filter>Source Files</Filter>
    </ClCompile>
    <ClCompile Include="Day 11\Exercise\q8-complex\Complex.cpp">
      <Filter>Source Files</Filter>
    </ClCompile>
    <ClCompile Include="Day 11\Exercise\q8-complex\q8.cpp">
      <Filter>Source Files</Filter>
    </ClCompile>
    <ClCompile Include="Day 11\Exercise\q9-meterconverter\MeterConverter.cpp">
      <Filter>Source Files</Filter>
    </ClCompile>
    <ClCompile Include="Day 11\Exercise\q9-meterconverter\q9.cpp">
      <Filter>Source Files</Filter>
    </ClCompile>
  </ItemGroup>
  <ItemGroup>
    <ClInclude Include="Day 11\09 two ways of defining member functions\01 member functions defined inside class\Circle.h">
      <Filter>Header Files</Filter>
    </ClInclude>
    <ClInclude Include="Day 11\09 two ways of defining member functions\02 member functions defined outside class\Circle.h">
      <Filter>Header Files</Filter>
    </ClInclude>
    <ClInclude Include="Day 11\10 constant member functions\01 calling non-const member function on const object\Circle.h">
      <Filter>Header Files</Filter>
    </ClInclude>
    <ClInclude Include="Day 11\10 constant member functions\02 declaring member function as const member function\Circle.h">
      <Filter>Header Files</Filter>
    </ClInclude>
    <ClInclude Include="Day 11\11 mutable\Circle.h">
      <Filter>Header Files</Filter>
    </ClInclude>
    <ClInclude Include="Day 11\13 static data member\Circle.h">
      <Filter>Header Files</Filter>
    </ClInclude>
    <ClInclude Include="Day 11\16 reference data member\Line.h">
      <Filter>Header Files</Filter>
    </ClInclude>
    <ClInclude Include="Day 11\16 reference data member\Point.h">
      <Filter>Header Files</Filter>
    </ClInclude>
    <ClInclude Include="Day 11\Exercise\q1\Clock.h">
      <Filter>Header Files</Filter>
    </ClInclude>
    <ClInclude Include="Day 11\Exercise\q2-dice\Dice.h">
      <Filter>Header Files</Filter>
    </ClInclude>
    <ClInclude Include="Day 11\Exercise\q3-lamp\q3lamp.h">
      <Filter>Header Files</Filter>
    </ClInclude>
    <ClInclude Include="Day 11\Exercise\q4\Rectangle.h">
      <Filter>Header Files</Filter>
    </ClInclude>
    <ClInclude Include="Day 11\Exercise\q5-caesar cipher\caesar_cipher.h">
      <Filter>Header Files</Filter>
    </ClInclude>
    <ClInclude Include="Day 11\Exercise\q7-queue\CircularQueue.h">
      <Filter>Header Files</Filter>
    </ClInclude>
    <ClInclude Include="Day 11\Exercise\q8-complex\Complex.h">
      <Filter>Header Files</Filter>
    </ClInclude>
    <ClInclude Include="Day 11\Exercise\q9-meterconverter\MeterConverter.h">
      <Filter>Header Files</Filter>
    </ClInclude>
  </ItemGroup>
</Project>